
Microsoft Visual Studio Solution File, Format Version 12.00
# Visual Studio Version 16
VisualStudioVersion = 16.0.810.18
MinimumVisualStudioVersion = 10.0.40219.1
Project("{FAE04EC0-301F-11D3-BF4B-00C04F79EFBC}") = "nawadata1", "nawadata1\nawadata1.csproj", "{6D3FDBAE-217A-4A69-ACA6-D9B9D98B63E5}"
EndProject
Global
	GlobalSection(SolutionConfigurationPlatforms) = preSolution
		Debug|anycpu = Debug|anycpu
		Release|anycpu = Release|anycpu
	EndGlobalSection
	GlobalSection(ProjectConfigurationPlatforms) = postSolution
		{6D3FDBAE-217A-4A69-ACA6-D9B9D98B63E5}.Debug|anycpu.ActiveCfg = Debug|anycpu
		{6D3FDBAE-217A-4A69-ACA6-D9B9D98B63E5}.Debug|anycpu.Build.0 = Debug|anycpu
		{6D3FDBAE-217A-4A69-ACA6-D9B9D98B63E5}.Release|anycpu.ActiveCfg = Release|anycpu
		{6D3FDBAE-217A-4A69-ACA6-D9B9D98B63E5}.Release|anycpu.Build.0 = Release|anycpu
	EndGlobalSection
	GlobalSection(SolutionProperties) = preSolution
		HideSolutionNode = FALSE
	EndGlobalSection
	GlobalSection(ExtensibilityGlobals) = postSolution
		SolutionGuid = {B2008359-31B0-4B4B-9F66-59D1D5D933AE}
	EndGlobalSection
EndGlobal
